
Microsoft Visual Studio Solution File, Format Version 12.00
# Visual Studio Version 16
VisualStudioVersion = 16.0.31515.178
MinimumVisualStudioVersion = 10.0.40219.1
Project("{FAE04EC0-301F-11D3-BF4B-00C04F79EFBC}") = "Csharp", "Csharp\Csharp.csproj", "{482E8598-6EE6-414D-8A6A-B82E7D314B04}"
EndProject
Project("{2150E333-8FDC-42A3-9474-1A3956D46DE8}") = "lesson1", "lesson1", "{5D7479D5-A6F6-4484-93DF-03399BB52C25}"
EndProject
Project("{FAE04EC0-301F-11D3-BF4B-00C04F79EFBC}") = "ex1", "ex1\ex1.csproj", "{8C17C18F-50D1-466B-9331-C436371CC022}"
EndProject
Project("{FAE04EC0-301F-11D3-BF4B-00C04F79EFBC}") = "ex2", "ex2\ex2.csproj", "{AF894238-1508-402C-876D-176367B7852C}"
EndProject
Project("{FAE04EC0-301F-11D3-BF4B-00C04F79EFBC}") = "ex3", "ex3\ex3.csproj", "{84D2BAA5-72ED-4854-B373-362FA916952B}"
EndProject
Project("{FAE04EC0-301F-11D3-BF4B-00C04F79EFBC}") = "ex4", "ex4\ex4.csproj", "{A59A0C19-E520-4AAD-80D6-D243B9EA8C7F}"
EndProject
Project("{FAE04EC0-301F-11D3-BF4B-00C04F79EFBC}") = "ex5", "ex5\ex5.csproj", "{ED38B5E6-3802-4E2A-92E3-FEB406B96DF3}"
EndProject
Global
	GlobalSection(SolutionConfigurationPlatforms) = preSolution
		Debug|Any CPU = Debug|Any CPU
		Release|Any CPU = Release|Any CPU
	EndGlobalSection
	GlobalSection(ProjectConfigurationPlatforms) = postSolution
		{482E8598-6EE6-414D-8A6A-B82E7D314B04}.Debug|Any CPU.ActiveCfg = Debug|Any CPU
		{482E8598-6EE6-414D-8A6A-B82E7D314B04}.Debug|Any CPU.Build.0 = Debug|Any CPU
		{482E8598-6EE6-414D-8A6A-B82E7D314B04}.Release|Any CPU.ActiveCfg = Release|Any CPU
		{482E8598-6EE6-414D-8A6A-B82E7D314B04}.Release|Any CPU.Build.0 = Release|Any CPU
		{8C17C18F-50D1-466B-9331-C436371CC022}.Debug|Any CPU.ActiveCfg = Debug|Any CPU
		{8C17C18F-50D1-466B-9331-C436371CC022}.Debug|Any CPU.Build.0 = Debug|Any CPU
		{8C17C18F-50D1-466B-9331-C436371CC022}.Release|Any CPU.ActiveCfg = Release|Any CPU
		{8C17C18F-50D1-466B-9331-C436371CC022}.Release|Any CPU.Build.0 = Release|Any CPU
		{AF894238-1508-402C-876D-176367B7852C}.Debug|Any CPU.ActiveCfg = Debug|Any CPU
		{AF894238-1508-402C-876D-176367B7852C}.Debug|Any CPU.Build.0 = Debug|Any CPU
		{AF894238-1508-402C-876D-176367B7852C}.Release|Any CPU.ActiveCfg = Release|Any CPU
		{AF894238-1508-402C-876D-176367B7852C}.Release|Any CPU.Build.0 = Release|Any CPU
		{84D2BAA5-72ED-4854-B373-362FA916952B}.Debug|Any CPU.ActiveCfg = Debug|Any CPU
		{84D2BAA5-72ED-4854-B373-362FA916952B}.Debug|Any CPU.Build.0 = Debug|Any CPU
		{84D2BAA5-72ED-4854-B373-362FA916952B}.Release|Any CPU.ActiveCfg = Release|Any CPU
		{84D2BAA5-72ED-4854-B373-362FA916952B}.Release|Any CPU.Build.0 = Release|Any CPU
		{A59A0C19-E520-4AAD-80D6-D243B9EA8C7F}.Debug|Any CPU.ActiveCfg = Debug|Any CPU
		{A59A0C19-E520-4AAD-80D6-D243B9EA8C7F}.Debug|Any CPU.Build.0 = Debug|Any CPU
		{A59A0C19-E520-4AAD-80D6-D243B9EA8C7F}.Release|Any CPU.ActiveCfg = Release|Any CPU
		{A59A0C19-E520-4AAD-80D6-D243B9EA8C7F}.Release|Any CPU.Build.0 = Release|Any CPU
		{ED38B5E6-3802-4E2A-92E3-FEB406B96DF3}.Debug|Any CPU.ActiveCfg = Debug|Any CPU
		{ED38B5E6-3802-4E2A-92E3-FEB406B96DF3}.Debug|Any CPU.Build.0 = Debug|Any CPU
		{ED38B5E6-3802-4E2A-92E3-FEB406B96DF3}.Release|Any CPU.ActiveCfg = Release|Any CPU
		{ED38B5E6-3802-4E2A-92E3-FEB406B96DF3}.Release|Any CPU.Build.0 = Release|Any CPU
	EndGlobalSection
	GlobalSection(SolutionProperties) = preSolution
		HideSolutionNode = FALSE
	EndGlobalSection
	GlobalSection(NestedProjects) = preSolution
		{8C17C18F-50D1-466B-9331-C436371CC022} = {5D7479D5-A6F6-4484-93DF-03399BB52C25}
		{AF894238-1508-402C-876D-176367B7852C} = {5D7479D5-A6F6-4484-93DF-03399BB52C25}
		{84D2BAA5-72ED-4854-B373-362FA916952B} = {5D7479D5-A6F6-4484-93DF-03399BB52C25}
		{A59A0C19-E520-4AAD-80D6-D243B9EA8C7F} = {5D7479D5-A6F6-4484-93DF-03399BB52C25}
		{ED38B5E6-3802-4E2A-92E3-FEB406B96DF3} = {5D7479D5-A6F6-4484-93DF-03399BB52C25}
	EndGlobalSection
	GlobalSection(ExtensibilityGlobals) = postSolution
		SolutionGuid = {8F366CF8-819D-475D-861C-2E4FAA14A307}
	EndGlobalSection
EndGlobal
